
Microsoft Visual Studio Solution File, Format Version 11.00
# Visual Studio 2010
Project("{FAE04EC0-301F-11D3-BF4B-00C04F79EFBC}") = "Salmon", "Assembly-CSharp-firstpass.csproj", "{EF73BA9D-2A11-7757-8AA0-E89608DF176A}"
EndProject
Project("{FAE04EC0-301F-11D3-BF4B-00C04F79EFBC}") = "Salmon", "Assembly-CSharp-Editor-firstpass.csproj", "{DC0BE169-4151-61AB-5D9B-743B1E63B9A3}"
EndProject
Global
	GlobalSection(SolutionConfigurationPlatforms) = preSolution
		Debug|Any CPU = Debug|Any CPU
		Release|Any CPU = Release|Any CPU
	EndGlobalSection
	GlobalSection(ProjectConfigurationPlatforms) = postSolution
		{EF73BA9D-2A11-7757-8AA0-E89608DF176A}.Debug|Any CPU.ActiveCfg = Debug|Any CPU
		{EF73BA9D-2A11-7757-8AA0-E89608DF176A}.Debug|Any CPU.Build.0 = Debug|Any CPU
		{EF73BA9D-2A11-7757-8AA0-E89608DF176A}.Release|Any CPU.ActiveCfg = Release|Any CPU
		{EF73BA9D-2A11-7757-8AA0-E89608DF176A}.Release|Any CPU.Build.0 = Release|Any CPU
		{DC0BE169-4151-61AB-5D9B-743B1E63B9A3}.Debug|Any CPU.ActiveCfg = Debug|Any CPU
		{DC0BE169-4151-61AB-5D9B-743B1E63B9A3}.Debug|Any CPU.Build.0 = Debug|Any CPU
		{DC0BE169-4151-61AB-5D9B-743B1E63B9A3}.Release|Any CPU.ActiveCfg = Release|Any CPU
		{DC0BE169-4151-61AB-5D9B-743B1E63B9A3}.Release|Any CPU.Build.0 = Release|Any CPU
	EndGlobalSection
	GlobalSection(SolutionProperties) = preSolution
		HideSolutionNode = FALSE
	EndGlobalSection
	GlobalSection(MonoDevelopProperties) = preSolution
		StartupItem = Assembly-CSharp.csproj
	EndGlobalSection
EndGlobal
